
Microsoft Visual Studio Solution File, Format Version 12.00
# Visual Studio 15
VisualStudioVersion = 15.0.27130.2026
MinimumVisualStudioVersion = 10.0.40219.1
Project("{FAE04EC0-301F-11D3-BF4B-00C04F79EFBC}") = "NewsReader.Android", "NewsReader\NewsReader.Android\NewsReader.Android.csproj", "{A3796D6A-224F-416F-8977-36C486FB2AE2}"
EndProject
Project("{FAE04EC0-301F-11D3-BF4B-00C04F79EFBC}") = "NewsReader.iOS", "NewsReader\NewsReader.iOS\NewsReader.iOS.csproj", "{1DA2A73D-1F3A-4430-B1EE-5FCDAA7A41E9}"
EndProject
Project("{FAE04EC0-301F-11D3-BF4B-00C04F79EFBC}") = "NewsReader.UWP", "NewsReader\NewsReader.UWP\NewsReader.UWP.csproj", "{E75E92AE-8E2A-434C-835D-1E2B9D81850A}"
EndProject
Project("{FAE04EC0-301F-11D3-BF4B-00C04F79EFBC}") = "NewsReader", "NewsReader\NewsReader\NewsReader.csproj", "{D0D1D448-F0BA-4F58-B2F8-42B287BE7186}"
EndProject
Global
	GlobalSection(SolutionConfigurationPlatforms) = preSolution
		Ad-Hoc|Any CPU = Ad-Hoc|Any CPU
		Ad-Hoc|ARM = Ad-Hoc|ARM
		Ad-Hoc|iPhone = Ad-Hoc|iPhone
		Ad-Hoc|iPhoneSimulator = Ad-Hoc|iPhoneSimulator
		Ad-Hoc|x64 = Ad-Hoc|x64
		Ad-Hoc|x86 = Ad-Hoc|x86
		AppStore|Any CPU = AppStore|Any CPU
		AppStore|ARM = AppStore|ARM
		AppStore|iPhone = AppStore|iPhone
		AppStore|iPhoneSimulator = AppStore|iPhoneSimulator
		AppStore|x64 = AppStore|x64
		AppStore|x86 = AppStore|x86
		Debug|Any CPU = Debug|Any CPU
		Debug|ARM = Debug|ARM
		Debug|iPhone = Debug|iPhone
		Debug|iPhoneSimulator = Debug|iPhoneSimulator
		Debug|x64 = Debug|x64
		Debug|x86 = Debug|x86
		Release|Any CPU = Release|Any CPU
		Release|ARM = Release|ARM
		Release|iPhone = Release|iPhone
		Release|iPhoneSimulator = Release|iPhoneSimulator
		Release|x64 = Release|x64
		Release|x86 = Release|x86
	EndGlobalSection
	GlobalSection(ProjectConfigurationPlatforms) = postSolution
		{A3796D6A-224F-416F-8977-36C486FB2AE2}.Ad-Hoc|Any CPU.ActiveCfg = Release|Any CPU
		{A3796D6A-224F-416F-8977-36C486FB2AE2}.Ad-Hoc|Any CPU.Build.0 = Release|Any CPU
		{A3796D6A-224F-416F-8977-36C486FB2AE2}.Ad-Hoc|Any CPU.Deploy.0 = Release|Any CPU
		{A3796D6A-224F-416F-8977-36C486FB2AE2}.Ad-Hoc|ARM.ActiveCfg = Release|Any CPU
		{A3796D6A-224F-416F-8977-36C486FB2AE2}.Ad-Hoc|ARM.Build.0 = Release|Any CPU
		{A3796D6A-224F-416F-8977-36C486FB2AE2}.Ad-Hoc|ARM.Deploy.0 = Release|Any CPU
		{A3796D6A-224F-416F-8977-36C486FB2AE2}.Ad-Hoc|iPhone.ActiveCfg = Release|Any CPU
		{A3796D6A-224F-416F-8977-36C486FB2AE2}.Ad-Hoc|iPhone.Build.0 = Release|Any CPU
		{A3796D6A-224F-416F-8977-36C486FB2AE2}.Ad-Hoc|iPhone.Deploy.0 = Release|Any CPU
		{A3796D6A-224F-416F-8977-36C486FB2AE2}.Ad-Hoc|iPhoneSimulator.ActiveCfg = Release|Any CPU
		{A3796D6A-224F-416F-8977-36C486FB2AE2}.Ad-Hoc|iPhoneSimulator.Build.0 = Release|Any CPU
		{A3796D6A-224F-416F-8977-36C486FB2AE2}.Ad-Hoc|iPhoneSimulator.Deploy.0 = Release|Any CPU
		{A3796D6A-224F-416F-8977-36C486FB2AE2}.Ad-Hoc|x64.ActiveCfg = Release|Any CPU
		{A3796D6A-224F-416F-8977-36C486FB2AE2}.Ad-Hoc|x64.Build.0 = Release|Any CPU
		{A3796D6A-224F-416F-8977-36C486FB2AE2}.Ad-Hoc|x64.Deploy.0 = Release|Any CPU
		{A3796D6A-224F-416F-8977-36C486FB2AE2}.Ad-Hoc|x86.ActiveCfg = Release|Any CPU
		{A3796D6A-224F-416F-8977-36C486FB2AE2}.Ad-Hoc|x86.Build.0 = Release|Any CPU
		{A3796D6A-224F-416F-8977-36C486FB2AE2}.Ad-Hoc|x86.Deploy.0 = Release|Any CPU
		{A3796D6A-224F-416F-8977-36C486FB2AE2}.AppStore|Any CPU.ActiveCfg = Release|Any CPU
		{A3796D6A-224F-416F-8977-36C486FB2AE2}.AppStore|Any CPU.Build.0 = Release|Any CPU
		{A3796D6A-224F-416F-8977-36C486FB2AE2}.AppStore|Any CPU.Deploy.0 = Release|Any CPU
		{A3796D6A-224F-416F-8977-36C486FB2AE2}.AppStore|ARM.ActiveCfg = Release|Any CPU
		{A3796D6A-224F-416F-8977-36C486FB2AE2}.AppStore|ARM.Build.0 = Release|Any CPU
		{A3796D6A-224F-416F-8977-36C486FB2AE2}.AppStore|ARM.Deploy.0 = Release|Any CPU
		{A3796D6A-224F-416F-8977-36C486FB2AE2}.AppStore|iPhone.ActiveCfg = Release|Any CPU
		{A3796D6A-224F-416F-8977-36C486FB2AE2}.AppStore|iPhone.Build.0 = Release|Any CPU
		{A3796D6A-224F-416F-8977-36C486FB2AE2}.AppStore|iPhone.Deploy.0 = Release|Any CPU
		{A3796D6A-224F-416F-8977-36C486FB2AE2}.AppStore|iPhoneSimulator.ActiveCfg = Release|Any CPU
		{A3796D6A-224F-416F-8977-36C486FB2AE2}.AppStore|iPhoneSimulator.Build.0 = Release|Any CPU
		{A3796D6A-224F-416F-8977-36C486FB2AE2}.AppStore|iPhoneSimulator.Deploy.0 = Release|Any CPU
		{A3796D6A-224F-416F-8977-36C486FB2AE2}.AppStore|x64.ActiveCfg = Release|Any CPU
		{A3796D6A-224F-416F-8977-36C486FB2AE2}.AppStore|x64.Build.0 = Release|Any CPU
		{A3796D6A-224F-416F-8977-36C486FB2AE2}.AppStore|x64.Deploy.0 = Release|Any CPU
		{A3796D6A-224F-416F-8977-36C486FB2AE2}.AppStore|x86.ActiveCfg = Release|Any CPU
		{A3796D6A-224F-416F-8977-36C486FB2AE2}.AppStore|x86.Build.0 = Release|Any CPU
		{A3796D6A-224F-416F-8977-36C486FB2AE2}.AppStore|x86.Deploy.0 = Release|Any CPU
		{A3796D6A-224F-416F-8977-36C486FB2AE2}.Debug|Any CPU.ActiveCfg = Debug|Any CPU
		{A3796D6A-224F-416F-8977-36C486FB2AE2}.Debug|Any CPU.Build.0 = Debug|Any CPU
		{A3796D6A-224F-416F-8977-36C486FB2AE2}.Debug|Any CPU.Deploy.0 = Debug|Any CPU
		{A3796D6A-224F-416F-8977-36C486FB2AE2}.Debug|ARM.ActiveCfg = Debug|Any CPU
		{A3796D6A-224F-416F-8977-36C486FB2AE2}.Debug|ARM.Build.0 = Debug|Any CPU
		{A3796D6A-224F-416F-8977-36C486FB2AE2}.Debug|ARM.Deploy.0 = Debug|Any CPU
		{A3796D6A-224F-416F-8977-36C486FB2AE2}.Debug|iPhone.ActiveCfg = Debug|Any CPU
		{A3796D6A-224F-416F-8977-36C486FB2AE2}.Debug|iPhone.Build.0 = Debug|Any CPU
		{A3796D6A-224F-416F-8977-36C486FB2AE2}.Debug|iPhone.Deploy.0 = Debug|Any CPU
		{A3796D6A-224F-416F-8977-36C486FB2AE2}.Debug|iPhoneSimulator.ActiveCfg = Debug|Any CPU
		{A3796D6A-224F-416F-8977-36C486FB2AE2}.Debug|iPhoneSimulator.Build.0 = Debug|Any CPU
		{A3796D6A-224F-416F-8977-36C486FB2AE2}.Debug|iPhoneSimulator.Deploy.0 = Debug|Any CPU
		{A3796D6A-224F-416F-8977-36C486FB2AE2}.Debug|x64.ActiveCfg = Debug|Any CPU
		{A3796D6A-224F-416F-8977-36C486FB2AE2}.Debug|x64.Build.0 = Debug|Any CPU
		{A3796D6A-224F-416F-8977-36C486FB2AE2}.Debug|x64.Deploy.0 = Debug|Any CPU
		{A3796D6A-224F-416F-8977-36C486FB2AE2}.Debug|x86.ActiveCfg = Debug|Any CPU
		{A3796D6A-224F-416F-8977-36C486FB2AE2}.Debug|x86.Build.0 = Debug|Any CPU
		{A3796D6A-224F-416F-8977-36C486FB2AE2}.Debug|x86.Deploy.0 = Debug|Any CPU
		{A3796D6A-224F-416F-8977-36C486FB2AE2}.Release|Any CPU.ActiveCfg = Release|Any CPU
		{A3796D6A-224F-416F-8977-36C486FB2AE2}.Release|Any CPU.Build.0 = Release|Any CPU
		{A3796D6A-224F-416F-8977-36C486FB2AE2}.Release|Any CPU.Deploy.0 = Release|Any CPU
		{A3796D6A-224F-416F-8977-36C486FB2AE2}.Release|ARM.ActiveCfg = Release|Any CPU
		{A3796D6A-224F-416F-8977-36C486FB2AE2}.Release|ARM.Build.0 = Release|Any CPU
		{A3796D6A-224F-416F-8977-36C486FB2AE2}.Release|ARM.Deploy.0 = Release|Any CPU
		{A3796D6A-224F-416F-8977-36C486FB2AE2}.Release|iPhone.ActiveCfg = Release|Any CPU
		{A3796D6A-224F-416F-8977-36C486FB2AE2}.Release|iPhone.Build.0 = Release|Any CPU
		{A3796D6A-224F-416F-8977-36C486FB2AE2}.Release|iPhone.Deploy.0 = Release|Any CPU
		{A3796D6A-224F-416F-8977-36C486FB2AE2}.Release|iPhoneSimulator.ActiveCfg = Release|Any CPU
		{A3796D6A-224F-416F-8977-36C486FB2AE2}.Release|iPhoneSimulator.Build.0 = Release|Any CPU
		{A3796D6A-224F-416F-8977-36C486FB2AE2}.Release|iPhoneSimulator.Deploy.0 = Release|Any CPU
		{A3796D6A-224F-416F-8977-36C486FB2AE2}.Release|x64.ActiveCfg = Release|Any CPU
		{A3796D6A-224F-416F-8977-36C486FB2AE2}.Release|x64.Build.0 = Release|Any CPU
		{A3796D6A-224F-416F-8977-36C486FB2AE2}.Release|x64.Deploy.0 = Release|Any CPU
		{A3796D6A-224F-416F-8977-36C486FB2AE2}.Release|x86.ActiveCfg = Release|Any CPU
		{A3796D6A-224F-416F-8977-36C486FB2AE2}.Release|x86.Build.0 = Release|Any CPU
		{A3796D6A-224F-416F-8977-36C486FB2AE2}.Release|x86.Deploy.0 = Release|Any CPU
		{1DA2A73D-1F3A-4430-B1EE-5FCDAA7A41E9}.Ad-Hoc|Any CPU.ActiveCfg = Ad-Hoc|iPhone
		{1DA2A73D-1F3A-4430-B1EE-5FCDAA7A41E9}.Ad-Hoc|ARM.ActiveCfg = Ad-Hoc|iPhone
		{1DA2A73D-1F3A-4430-B1EE-5FCDAA7A41E9}.Ad-Hoc|iPhone.ActiveCfg = Ad-Hoc|iPhone
		{1DA2A73D-1F3A-4430-B1EE-5FCDAA7A41E9}.Ad-Hoc|iPhone.Build.0 = Ad-Hoc|iPhone
		{1DA2A73D-1F3A-4430-B1EE-5FCDAA7A41E9}.Ad-Hoc|iPhoneSimulator.ActiveCfg = Ad-Hoc|iPhoneSimulator
		{1DA2A73D-1F3A-4430-B1EE-5FCDAA7A41E9}.Ad-Hoc|iPhoneSimulator.Build.0 = Ad-Hoc|iPhoneSimulator
		{1DA2A73D-1F3A-4430-B1EE-5FCDAA7A41E9}.Ad-Hoc|x64.ActiveCfg = Ad-Hoc|iPhone
		{1DA2A73D-1F3A-4430-B1EE-5FCDAA7A41E9}.Ad-Hoc|x86.ActiveCfg = Ad-Hoc|iPhone
		{1DA2A73D-1F3A-4430-B1EE-5FCDAA7A41E9}.AppStore|Any CPU.ActiveCfg = AppStore|iPhone
		{1DA2A73D-1F3A-4430-B1EE-5FCDAA7A41E9}.AppStore|ARM.ActiveCfg = AppStore|iPhone
		{1DA2A73D-1F3A-4430-B1EE-5FCDAA7A41E9}.AppStore|iPhone.ActiveCfg = AppStore|iPhone
		{1DA2A73D-1F3A-4430-B1EE-5FCDAA7A41E9}.AppStore|iPhone.Build.0 = AppStore|iPhone
		{1DA2A73D-1F3A-4430-B1EE-5FCDAA7A41E9}.AppStore|iPhoneSimulator.ActiveCfg = AppStore|iPhoneSimulator
		{1DA2A73D-1F3A-4430-B1EE-5FCDAA7A41E9}.AppStore|iPhoneSimulator.Build.0 = AppStore|iPhoneSimulator
		{1DA2A73D-1F3A-4430-B1EE-5FCDAA7A41E9}.AppStore|x64.ActiveCfg = AppStore|iPhone
		{1DA2A73D-1F3A-4430-B1EE-5FCDAA7A41E9}.AppStore|x86.ActiveCfg = AppStore|iPhone
		{1DA2A73D-1F3A-4430-B1EE-5FCDAA7A41E9}.Debug|Any CPU.ActiveCfg = Debug|iPhone
		{1DA2A73D-1F3A-4430-B1EE-5FCDAA7A41E9}.Debug|ARM.ActiveCfg = Debug|iPhone
		{1DA2A73D-1F3A-4430-B1EE-5FCDAA7A41E9}.Debug|iPhone.ActiveCfg = Debug|iPhone
		{1DA2A73D-1F3A-4430-B1EE-5FCDAA7A41E9}.Debug|iPhone.Build.0 = Debug|iPhone
		{1DA2A73D-1F3A-4430-B1EE-5FCDAA7A41E9}.Debug|iPhoneSimulator.ActiveCfg = Debug|iPhoneSimulator
		{1DA2A73D-1F3A-4430-B1EE-5FCDAA7A41E9}.Debug|iPhoneSimulator.Build.0 = Debug|iPhoneSimulator
		{1DA2A73D-1F3A-4430-B1EE-5FCDAA7A41E9}.Debug|x64.ActiveCfg = Debug|iPhone
		{1DA2A73D-1F3A-4430-B1EE-5FCDAA7A41E9}.Debug|x86.ActiveCfg = Debug|iPhone
		{1DA2A73D-1F3A-4430-B1EE-5FCDAA7A41E9}.Release|Any CPU.ActiveCfg = Release|iPhone
		{1DA2A73D-1F3A-4430-B1EE-5FCDAA7A41E9}.Release|ARM.ActiveCfg = Release|iPhone
		{1DA2A73D-1F3A-4430-B1EE-5FCDAA7A41E9}.Release|iPhone.ActiveCfg = Release|iPhone
		{1DA2A73D-1F3A-4430-B1EE-5FCDAA7A41E9}.Release|iPhone.Build.0 = Release|iPhone
		{1DA2A73D-1F3A-4430-B1EE-5FCDAA7A41E9}.Release|iPhoneSimulator.ActiveCfg = Release|iPhoneSimulator
		{1DA2A73D-1F3A-4430-B1EE-5FCDAA7A41E9}.Release|iPhoneSimulator.Build.0 = Release|iPhoneSimulator
		{1DA2A73D-1F3A-4430-B1EE-5FCDAA7A41E9}.Release|x64.ActiveCfg = Release|iPhone
		{1DA2A73D-1F3A-4430-B1EE-5FCDAA7A41E9}.Release|x86.ActiveCfg = Release|iPhone
		{E75E92AE-8E2A-434C-835D-1E2B9D81850A}.Ad-Hoc|Any CPU.ActiveCfg = Release|x86
		{E75E92AE-8E2A-434C-835D-1E2B9D81850A}.Ad-Hoc|Any CPU.Build.0 = Release|x86
		{E75E92AE-8E2A-434C-835D-1E2B9D81850A}.Ad-Hoc|Any CPU.Deploy.0 = Release|x86
		{E75E92AE-8E2A-434C-835D-1E2B9D81850A}.Ad-Hoc|ARM.ActiveCfg = Release|ARM
		{E75E92AE-8E2A-434C-835D-1E2B9D81850A}.Ad-Hoc|ARM.Build.0 = Release|ARM
		{E75E92AE-8E2A-434C-835D-1E2B9D81850A}.Ad-Hoc|ARM.Deploy.0 = Release|ARM
		{E75E92AE-8E2A-434C-835D-1E2B9D81850A}.Ad-Hoc|iPhone.ActiveCfg = Release|x86
		{E75E92AE-8E2A-434C-835D-1E2B9D81850A}.Ad-Hoc|iPhone.Build.0 = Release|x86
		{E75E92AE-8E2A-434C-835D-1E2B9D81850A}.Ad-Hoc|iPhone.Deploy.0 = Release|x86
		{E75E92AE-8E2A-434C-835D-1E2B9D81850A}.Ad-Hoc|iPhoneSimulator.ActiveCfg = Release|x86
		{E75E92AE-8E2A-434C-835D-1E2B9D81850A}.Ad-Hoc|iPhoneSimulator.Build.0 = Release|x86
		{E75E92AE-8E2A-434C-835D-1E2B9D81850A}.Ad-Hoc|iPhoneSimulator.Deploy.0 = Release|x86
		{E75E92AE-8E2A-434C-835D-1E2B9D81850A}.Ad-Hoc|x64.ActiveCfg = Release|x64
		{E75E92AE-8E2A-434C-835D-1E2B9D81850A}.Ad-Hoc|x64.Build.0 = Release|x64
		{E75E92AE-8E2A-434C-835D-1E2B9D81850A}.Ad-Hoc|x64.Deploy.0 = Release|x64
		{E75E92AE-8E2A-434C-835D-1E2B9D81850A}.Ad-Hoc|x86.ActiveCfg = Release|x86
		{E75E92AE-8E2A-434C-835D-1E2B9D81850A}.Ad-Hoc|x86.Build.0 = Release|x86
		{E75E92AE-8E2A-434C-835D-1E2B9D81850A}.Ad-Hoc|x86.Deploy.0 = Release|x86
		{E75E92AE-8E2A-434C-835D-1E2B9D81850A}.AppStore|Any CPU.ActiveCfg = Release|x86
		{E75E92AE-8E2A-434C-835D-1E2B9D81850A}.AppStore|Any CPU.Build.0 = Release|x86
		{E75E92AE-8E2A-434C-835D-1E2B9D81850A}.AppStore|Any CPU.Deploy.0 = Release|x86
		{E75E92AE-8E2A-434C-835D-1E2B9D81850A}.AppStore|ARM.ActiveCfg = Release|ARM
		{E75E92AE-8E2A-434C-835D-1E2B9D81850A}.AppStore|ARM.Build.0 = Release|ARM
		{E75E92AE-8E2A-434C-835D-1E2B9D81850A}.AppStore|ARM.Deploy.0 = Release|ARM
		{E75E92AE-8E2A-434C-835D-1E2B9D81850A}.AppStore|iPhone.ActiveCfg = Release|x86
		{E75E92AE-8E2A-434C-835D-1E2B9D81850A}.AppStore|iPhone.Build.0 = Release|x86
		{E75E92AE-8E2A-434C-835D-1E2B9D81850A}.AppStore|iPhone.Deploy.0 = Release|x86
		{E75E92AE-8E2A-434C-835D-1E2B9D81850A}.AppStore|iPhoneSimulator.ActiveCfg = Release|x86
		{E75E92AE-8E2A-434C-835D-1E2B9D81850A}.AppStore|iPhoneSimulator.Build.0 = Release|x86
		{E75E92AE-8E2A-434C-835D-1E2B9D81850A}.AppStore|iPhoneSimulator.Deploy.0 = Release|x86
		{E75E92AE-8E2A-434C-835D-1E2B9D81850A}.AppStore|x64.ActiveCfg = Release|x64
		{E75E92AE-8E2A-434C-835D-1E2B9D81850A}.AppStore|x64.Build.0 = Release|x64
		{E75E92AE-8E2A-434C-835D-1E2B9D81850A}.AppStore|x64.Deploy.0 = Release|x64
		{E75E92AE-8E2A-434C-835D-1E2B9D81850A}.AppStore|x86.ActiveCfg = Release|x86
		{E75E92AE-8E2A-434C-835D-1E2B9D81850A}.AppStore|x86.Build.0 = Release|x86
		{E75E92AE-8E2A-434C-835D-1E2B9D81850A}.AppStore|x86.Deploy.0 = Release|x86
		{E75E92AE-8E2A-434C-835D-1E2B9D81850A}.Debug|Any CPU.ActiveCfg = Debug|x86
		{E75E92AE-8E2A-434C-835D-1E2B9D81850A}.Debug|ARM.ActiveCfg = Debug|ARM
		{E75E92AE-8E2A-434C-835D-1E2B9D81850A}.Debug|ARM.Build.0 = Debug|ARM
		{E75E92AE-8E2A-434C-835D-1E2B9D81850A}.Debug|ARM.Deploy.0 = Debug|ARM
		{E75E92AE-8E2A-434C-835D-1E2B9D81850A}.Debug|iPhone.ActiveCfg = Debug|x86
		{E75E92AE-8E2A-434C-835D-1E2B9D81850A}.Debug|iPhoneSimulator.ActiveCfg = Debug|x86
		{E75E92AE-8E2A-434C-835D-1E2B9D81850A}.Debug|x64.ActiveCfg = Debug|x64
		{E75E92AE-8E2A-434C-835D-1E2B9D81850A}.Debug|x64.Build.0 = Debug|x64
		{E75E92AE-8E2A-434C-835D-1E2B9D81850A}.Debug|x64.Deploy.0 = Debug|x64
		{E75E92AE-8E2A-434C-835D-1E2B9D81850A}.Debug|x86.ActiveCfg = Debug|x86
		{E75E92AE-8E2A-434C-835D-1E2B9D81850A}.Debug|x86.Build.0 = Debug|x86
		{E75E92AE-8E2A-434C-835D-1E2B9D81850A}.Debug|x86.Deploy.0 = Debug|x86
		{E75E92AE-8E2A-434C-835D-1E2B9D81850A}.Release|Any CPU.ActiveCfg = Release|x86
		{E75E92AE-8E2A-434C-835D-1E2B9D81850A}.Release|ARM.ActiveCfg = Release|ARM
		{E75E92AE-8E2A-434C-835D-1E2B9D81850A}.Release|ARM.Build.0 = Release|ARM
		{E75E92AE-8E2A-434C-835D-1E2B9D81850A}.Release|ARM.Deploy.0 = Release|ARM
		{E75E92AE-8E2A-434C-835D-1E2B9D81850A}.Release|iPhone.ActiveCfg = Release|x86
		{E75E92AE-8E2A-434C-835D-1E2B9D81850A}.Release|iPhoneSimulator.ActiveCfg = Release|x86
		{E75E92AE-8E2A-434C-835D-1E2B9D81850A}.Release|x64.ActiveCfg = Release|x64
		{E75E92AE-8E2A-434C-835D-1E2B9D81850A}.Release|x64.Build.0 = Release|x64
		{E75E92AE-8E2A-434C-835D-1E2B9D81850A}.Release|x64.Deploy.0 = Release|x64
		{E75E92AE-8E2A-434C-835D-1E2B9D81850A}.Release|x86.ActiveCfg = Release|x86
		{E75E92AE-8E2A-434C-835D-1E2B9D81850A}.Release|x86.Build.0 = Release|x86
		{E75E92AE-8E2A-434C-835D-1E2B9D81850A}.Release|x86.Deploy.0 = Release|x86
		{D0D1D448-F0BA-4F58-B2F8-42B287BE7186}.Ad-Hoc|Any CPU.ActiveCfg = Debug|Any CPU
		{D0D1D448-F0BA-4F58-B2F8-42B287BE7186}.Ad-Hoc|Any CPU.Build.0 = Debug|Any CPU
		{D0D1D448-F0BA-4F58-B2F8-42B287BE7186}.Ad-Hoc|ARM.ActiveCfg = Debug|Any CPU
		{D0D1D448-F0BA-4F58-B2F8-42B287BE7186}.Ad-Hoc|ARM.Build.0 = Debug|Any CPU
		{D0D1D448-F0BA-4F58-B2F8-42B287BE7186}.Ad-Hoc|iPhone.ActiveCfg = Debug|Any CPU
		{D0D1D448-F0BA-4F58-B2F8-42B287BE7186}.Ad-Hoc|iPhone.Build.0 = Debug|Any CPU
		{D0D1D448-F0BA-4F58-B2F8-42B287BE7186}.Ad-Hoc|iPhoneSimulator.ActiveCfg = Debug|Any CPU
		{D0D1D448-F0BA-4F58-B2F8-42B287BE7186}.Ad-Hoc|iPhoneSimulator.Build.0 = Debug|Any CPU
		{D0D1D448-F0BA-4F58-B2F8-42B287BE7186}.Ad-Hoc|x64.ActiveCfg = Debug|Any CPU
		{D0D1D448-F0BA-4F58-B2F8-42B287BE7186}.Ad-Hoc|x64.Build.0 = Debug|Any CPU
		{D0D1D448-F0BA-4F58-B2F8-42B287BE7186}.Ad-Hoc|x86.ActiveCfg = Debug|Any CPU
		{D0D1D448-F0BA-4F58-B2F8-42B287BE7186}.Ad-Hoc|x86.Build.0 = Debug|Any CPU
		{D0D1D448-F0BA-4F58-B2F8-42B287BE7186}.AppStore|Any CPU.ActiveCfg = Debug|Any CPU
		{D0D1D448-F0BA-4F58-B2F8-42B287BE7186}.AppStore|Any CPU.Build.0 = Debug|Any CPU
		{D0D1D448-F0BA-4F58-B2F8-42B287BE7186}.AppStore|ARM.ActiveCfg = Debug|Any CPU
		{D0D1D448-F0BA-4F58-B2F8-42B287BE7186}.AppStore|ARM.Build.0 = Debug|Any CPU
		{D0D1D448-F0BA-4F58-B2F8-42B287BE7186}.AppStore|iPhone.ActiveCfg = Debug|Any CPU
		{D0D1D448-F0BA-4F58-B2F8-42B287BE7186}.AppStore|iPhone.Build.0 = Debug|Any CPU
		{D0D1D448-F0BA-4F58-B2F8-42B287BE7186}.AppStore|iPhoneSimulator.ActiveCfg = Debug|Any CPU
		{D0D1D448-F0BA-4F58-B2F8-42B287BE7186}.AppStore|iPhoneSimulator.Build.0 = Debug|Any CPU
		{D0D1D448-F0BA-4F58-B2F8-42B287BE7186}.AppStore|x64.ActiveCfg = Debug|Any CPU
		{D0D1D448-F0BA-4F58-B2F8-42B287BE7186}.AppStore|x64.Build.0 = Debug|Any CPU
		{D0D1D448-F0BA-4F58-B2F8-42B287BE7186}.AppStore|x86.ActiveCfg = Debug|Any CPU
		{D0D1D448-F0BA-4F58-B2F8-42B287BE7186}.AppStore|x86.Build.0 = Debug|Any CPU
		{D0D1D448-F0BA-4F58-B2F8-42B287BE7186}.Debug|Any CPU.ActiveCfg = Debug|Any CPU
		{D0D1D448-F0BA-4F58-B2F8-42B287BE7186}.Debug|Any CPU.Build.0 = Debug|Any CPU
		{D0D1D448-F0BA-4F58-B2F8-42B287BE7186}.Debug|ARM.ActiveCfg = Debug|Any CPU
		{D0D1D448-F0BA-4F58-B2F8-42B287BE7186}.Debug|ARM.Build.0 = Debug|Any CPU
		{D0D1D448-F0BA-4F58-B2F8-42B287BE7186}.Debug|iPhone.ActiveCfg = Debug|Any CPU
		{D0D1D448-F0BA-4F58-B2F8-42B287BE7186}.Debug|iPhone.Build.0 = Debug|Any CPU
		{D0D1D448-F0BA-4F58-B2F8-42B287BE7186}.Debug|iPhoneSimulator.ActiveCfg = Debug|Any CPU
		{D0D1D448-F0BA-4F58-B2F8-42B287BE7186}.Debug|iPhoneSimulator.Build.0 = Debug|Any CPU
		{D0D1D448-F0BA-4F58-B2F8-42B287BE7186}.Debug|x64.ActiveCfg = Debug|Any CPU
		{D0D1D448-F0BA-4F58-B2F8-42B287BE7186}.Debug|x64.Build.0 = Debug|Any CPU
		{D0D1D448-F0BA-4F58-B2F8-42B287BE7186}.Debug|x86.ActiveCfg = Debug|Any CPU
		{D0D1D448-F0BA-4F58-B2F8-42B287BE7186}.Debug|x86.Build.0 = Debug|Any CPU
		{D0D1D448-F0BA-4F58-B2F8-42B287BE7186}.Release|Any CPU.ActiveCfg = Release|Any CPU
		{D0D1D448-F0BA-4F58-B2F8-42B287BE7186}.Release|Any CPU.Build.0 = Release|Any CPU
		{D0D1D448-F0BA-4F58-B2F8-42B287BE7186}.Release|ARM.ActiveCfg = Release|Any CPU
		{D0D1D448-F0BA-4F58-B2F8-42B287BE7186}.Release|ARM.Build.0 = Release|Any CPU
		{D0D1D448-F0BA-4F58-B2F8-42B287BE7186}.Release|iPhone.ActiveCfg = Release|Any CPU
		{D0D1D448-F0BA-4F58-B2F8-42B287BE7186}.Release|iPhone.Build.0 = Release|Any CPU
		{D0D1D448-F0BA-4F58-B2F8-42B287BE7186}.Release|iPhoneSimulator.ActiveCfg = Release|Any CPU
		{D0D1D448-F0BA-4F58-B2F8-42B287BE7186}.Release|iPhoneSimulator.Build.0 = Release|Any CPU
		{D0D1D448-F0BA-4F58-B2F8-42B287BE7186}.Release|x64.ActiveCfg = Release|Any CPU
		{D0D1D448-F0BA-4F58-B2F8-42B287BE7186}.Release|x64.Build.0 = Release|Any CPU
		{D0D1D448-F0BA-4F58-B2F8-42B287BE7186}.Release|x86.ActiveCfg = Release|Any CPU
		{D0D1D448-F0BA-4F58-B2F8-42B287BE7186}.Release|x86.Build.0 = Release|Any CPU
	EndGlobalSection
	GlobalSection(SolutionProperties) = preSolution
		HideSolutionNode = FALSE
	EndGlobalSection
	GlobalSection(ExtensibilityGlobals) = postSolution
		SolutionGuid = {402A09A2-214C-47F5-9EA6-59D1F1EEBEF2}
	EndGlobalSection
EndGlobal
